
Microsoft Visual Studio Solution File, Format Version 12.00
# Visual Studio 14
VisualStudioVersion = 14.0.25123.0
MinimumVisualStudioVersion = 10.0.40219.1
Project("{FAE04EC0-301F-11D3-BF4B-00C04F79EFBC}") = "ECSFramework", "ECSFramework\ECSFramework.csproj", "{CD1A9D5F-553F-4C81-A3F5-E52FC6ADBC8B}"
EndProject
Project("{FAE04EC0-301F-11D3-BF4B-00C04F79EFBC}") = "AsyncCS", "AsyncCS\AsyncCS.csproj", "{AFFFB093-DD07-4E2C-8C05-DE8C3038BA90}"
EndProject
Project("{FAE04EC0-301F-11D3-BF4B-00C04F79EFBC}") = "behaviorlib", "behaviorlib\behaviorlib\behaviorlib.csproj", "{CC824B6F-6145-485F-9604-FB94F0ECACA7}"
EndProject
Project("{FAE04EC0-301F-11D3-BF4B-00C04F79EFBC}") = "fastJSON", "fastjson\fastJSON.csproj", "{207E91B1-C9F8-4913-88E1-3549EF5F3273}"
EndProject
Project("{FAE04EC0-301F-11D3-BF4B-00C04F79EFBC}") = "LibNoise", "libnoise\LibNoise.csproj", "{031C8CFF-F147-44EA-B7E5-0A5644808A7E}"
EndProject
Project("{FAE04EC0-301F-11D3-BF4B-00C04F79EFBC}") = "Glimpse", "Glimpse\Glimpse.csproj", "{39ED39A6-AE8F-4E29-A481-1F87F61C40DB}"
EndProject
Project("{FAE04EC0-301F-11D3-BF4B-00C04F79EFBC}") = "vaerydian-win", "Vaerydian\vaerydian-win.csproj", "{F88337A6-22FB-42CE-A919-04D598694DCF}"
EndProject
Project("{FAE04EC0-301F-11D3-BF4B-00C04F79EFBC}") = "MonoGame.Framework.Linux", "monogame\MonoGame.Framework\MonoGame.Framework.Linux.csproj", "{35253CE1-C864-4CD3-8249-4D1319748E8F}"
EndProject
Global
	GlobalSection(SolutionConfigurationPlatforms) = preSolution
		Debug|Any CPU = Debug|Any CPU
		Release|Any CPU = Release|Any CPU
	EndGlobalSection
	GlobalSection(ProjectConfigurationPlatforms) = postSolution
		{CD1A9D5F-553F-4C81-A3F5-E52FC6ADBC8B}.Debug|Any CPU.ActiveCfg = Debug|Any CPU
		{CD1A9D5F-553F-4C81-A3F5-E52FC6ADBC8B}.Debug|Any CPU.Build.0 = Debug|Any CPU
		{CD1A9D5F-553F-4C81-A3F5-E52FC6ADBC8B}.Release|Any CPU.ActiveCfg = Release|Any CPU
		{CD1A9D5F-553F-4C81-A3F5-E52FC6ADBC8B}.Release|Any CPU.Build.0 = Release|Any CPU
		{AFFFB093-DD07-4E2C-8C05-DE8C3038BA90}.Debug|Any CPU.ActiveCfg = Debug|Any CPU
		{AFFFB093-DD07-4E2C-8C05-DE8C3038BA90}.Debug|Any CPU.Build.0 = Debug|Any CPU
		{AFFFB093-DD07-4E2C-8C05-DE8C3038BA90}.Release|Any CPU.ActiveCfg = Release|Any CPU
		{AFFFB093-DD07-4E2C-8C05-DE8C3038BA90}.Release|Any CPU.Build.0 = Release|Any CPU
		{CC824B6F-6145-485F-9604-FB94F0ECACA7}.Debug|Any CPU.ActiveCfg = Debug|Any CPU
		{CC824B6F-6145-485F-9604-FB94F0ECACA7}.Debug|Any CPU.Build.0 = Debug|Any CPU
		{CC824B6F-6145-485F-9604-FB94F0ECACA7}.Release|Any CPU.ActiveCfg = Release|Any CPU
		{CC824B6F-6145-485F-9604-FB94F0ECACA7}.Release|Any CPU.Build.0 = Release|Any CPU
		{207E91B1-C9F8-4913-88E1-3549EF5F3273}.Debug|Any CPU.ActiveCfg = Debug|Any CPU
		{207E91B1-C9F8-4913-88E1-3549EF5F3273}.Debug|Any CPU.Build.0 = Debug|Any CPU
		{207E91B1-C9F8-4913-88E1-3549EF5F3273}.Release|Any CPU.ActiveCfg = Release|Any CPU
		{207E91B1-C9F8-4913-88E1-3549EF5F3273}.Release|Any CPU.Build.0 = Release|Any CPU
		{031C8CFF-F147-44EA-B7E5-0A5644808A7E}.Debug|Any CPU.ActiveCfg = Debug|Any CPU
		{031C8CFF-F147-44EA-B7E5-0A5644808A7E}.Debug|Any CPU.Build.0 = Debug|Any CPU
		{031C8CFF-F147-44EA-B7E5-0A5644808A7E}.Release|Any CPU.ActiveCfg = Release|Any CPU
		{031C8CFF-F147-44EA-B7E5-0A5644808A7E}.Release|Any CPU.Build.0 = Release|Any CPU
		{39ED39A6-AE8F-4E29-A481-1F87F61C40DB}.Debug|Any CPU.ActiveCfg = Debug|Any CPU
		{39ED39A6-AE8F-4E29-A481-1F87F61C40DB}.Debug|Any CPU.Build.0 = Debug|Any CPU
		{39ED39A6-AE8F-4E29-A481-1F87F61C40DB}.Release|Any CPU.ActiveCfg = Release|Any CPU
		{39ED39A6-AE8F-4E29-A481-1F87F61C40DB}.Release|Any CPU.Build.0 = Release|Any CPU
		{F88337A6-22FB-42CE-A919-04D598694DCF}.Debug|Any CPU.ActiveCfg = Debug|Any CPU
		{F88337A6-22FB-42CE-A919-04D598694DCF}.Debug|Any CPU.Build.0 = Debug|Any CPU
		{F88337A6-22FB-42CE-A919-04D598694DCF}.Release|Any CPU.ActiveCfg = Release|Any CPU
		{F88337A6-22FB-42CE-A919-04D598694DCF}.Release|Any CPU.Build.0 = Release|Any CPU
		{35253CE1-C864-4CD3-8249-4D1319748E8F}.Debug|Any CPU.ActiveCfg = Debug|Any CPU
		{35253CE1-C864-4CD3-8249-4D1319748E8F}.Debug|Any CPU.Build.0 = Debug|Any CPU
		{35253CE1-C864-4CD3-8249-4D1319748E8F}.Release|Any CPU.ActiveCfg = Release|Any CPU
		{35253CE1-C864-4CD3-8249-4D1319748E8F}.Release|Any CPU.Build.0 = Release|Any CPU
	EndGlobalSection
	GlobalSection(SolutionProperties) = preSolution
		HideSolutionNode = FALSE
	EndGlobalSection
	GlobalSection(MonoDevelopProperties) = preSolution
		Policies = $0
		$0.DotNetNamingPolicy = $1
		$1.DirectoryNamespaceAssociation = None
		$1.ResourceNamePolicy = FileFormatDefault
		$0.StandardHeader = $2
		$2.Text = @\n ${FileName}\n \n Author:\n      ${AuthorName} <${AuthorEmail}>\n \n Copyright (c) ${Year} ${CopyrightHolder}\n\n This program is free software: you can redistribute it and/or modify\n it under the terms of the GNU Lesser General Public License as published by\n the Free Software Foundation, either version 3 of the License, or\n (at your option) any later version.\n\n This program is distributed in the hope that it will be useful,\n but WITHOUT ANY WARRANTY; without even the implied warranty of\n MERCHANTABILITY or FITNESS FOR A PARTICULAR PURPOSE.  See the\n GNU Lesser General Public License for more details.\n\n You should have received a copy of the GNU Lesser General Public License\n along with this program.  If not, see <http://www.gnu.org/licenses/>.
		$2.IncludeInNewFiles = True
		$0.NameConventionPolicy = $3
		$3.Rules = $4
		$4.NamingRule = $24
		$24.AffectedEntity = None
		$24.VisibilityMask = VisibilityMask
		$24.NamingStyle = None
		$24.IncludeInstanceMembers = True
		$24.IncludeStaticEntities = True
		StartupItem = Vaerydian\Vaerydian.csproj
	EndGlobalSection
EndGlobal
